
Microsoft Visual Studio Solution File, Format Version 12.00
# Visual Studio 15
Project("{FAE04EC0-301F-11D3-BF4B-00C04F79EFBC}") = "ConsoleColorPreview", "ConsoleColorPreview\ConsoleColorPreview.csproj", "{94074099-AF39-4749-B608-2A2C3A33F802}"
EndProject
Global
	GlobalSection(SolutionConfigurationPlatforms) = preSolution
		Debug|Any CPU = Debug|Any CPU
		Release|Any CPU = Release|Any CPU
	EndGlobalSection
	GlobalSection(ProjectConfigurationPlatforms) = postSolution
		{94074099-AF39-4749-B608-2A2C3A33F802}.Debug|Any CPU.ActiveCfg = Debug|Any CPU
		{94074099-AF39-4749-B608-2A2C3A33F802}.Debug|Any CPU.Build.0 = Debug|Any CPU
		{94074099-AF39-4749-B608-2A2C3A33F802}.Release|Any CPU.ActiveCfg = Release|Any CPU
		{94074099-AF39-4749-B608-2A2C3A33F802}.Release|Any CPU.Build.0 = Release|Any CPU
	EndGlobalSection
EndGlobal
